
Microsoft Visual Studio Solution File, Format Version 12.00
# Visual Studio 14
VisualStudioVersion = 14.0.23107.0
MinimumVisualStudioVersion = 10.0.40219.1
Project("{FAE04EC0-301F-11D3-BF4B-00C04F79EFBC}") = "AudioSwitcher.Hid.Logitech", "AudioSwitcher.Hid.Logitech\AudioSwitcher.Hid.Logitech.csproj", "{F11F73DA-AA94-456F-A1D2-DB9523B0F1F7}"
EndProject
Project("{FAE04EC0-301F-11D3-BF4B-00C04F79EFBC}") = "AudioSwitcher.Hid", "AudioSwitcher.Hid\AudioSwitcher.Hid.csproj", "{819C4F63-8D26-4BDF-B9CF-00F8EFF9391C}"
EndProject
Global
	GlobalSection(SolutionConfigurationPlatforms) = preSolution
		Debug|Any CPU = Debug|Any CPU
		Release|Any CPU = Release|Any CPU
	EndGlobalSection
	GlobalSection(ProjectConfigurationPlatforms) = postSolution
		{F11F73DA-AA94-456F-A1D2-DB9523B0F1F7}.Debug|Any CPU.ActiveCfg = Debug|Any CPU
		{F11F73DA-AA94-456F-A1D2-DB9523B0F1F7}.Debug|Any CPU.Build.0 = Debug|Any CPU
		{F11F73DA-AA94-456F-A1D2-DB9523B0F1F7}.Release|Any CPU.ActiveCfg = Release|Any CPU
		{F11F73DA-AA94-456F-A1D2-DB9523B0F1F7}.Release|Any CPU.Build.0 = Release|Any CPU
		{819C4F63-8D26-4BDF-B9CF-00F8EFF9391C}.Debug|Any CPU.ActiveCfg = Debug|Any CPU
		{819C4F63-8D26-4BDF-B9CF-00F8EFF9391C}.Debug|Any CPU.Build.0 = Debug|Any CPU
		{819C4F63-8D26-4BDF-B9CF-00F8EFF9391C}.Release|Any CPU.ActiveCfg = Release|Any CPU
		{819C4F63-8D26-4BDF-B9CF-00F8EFF9391C}.Release|Any CPU.Build.0 = Release|Any CPU
	EndGlobalSection
	GlobalSection(SolutionProperties) = preSolution
		HideSolutionNode = FALSE
	EndGlobalSection
EndGlobal
