
Microsoft Visual Studio Solution File, Format Version 12.00
# Visual Studio 14
VisualStudioVersion = 14.0.23107.0
MinimumVisualStudioVersion = 10.0.40219.1
Project("{FAE04EC0-301F-11D3-BF4B-00C04F79EFBC}") = "AudioSwitcher.Hid.Logitech", "AudioSwitcher.Hid.Logitech\AudioSwitcher.Hid.Logitech.csproj", "{F11F73DA-AA94-456F-A1D2-DB9523B0F1F7}"
EndProject
Project("{FAE04EC0-301F-11D3-BF4B-00C04F79EFBC}") = "AudioSwitcher.Hid", "AudioSwitcher.Hid\AudioSwitcher.Hid.csproj", "{819C4F63-8D26-4BDF-B9CF-00F8EFF9391C}"
EndProject
Project("{2150E333-8FDC-42A3-9474-1A3956D46DE8}") = "Samples", "Samples", "{8DE4D099-609D-4A47-BBEF-15DBC219DF2C}"
EndProject
Project("{FAE04EC0-301F-11D3-BF4B-00C04F79EFBC}") = "LogitechSwitcher", "LogitechSwitcher\LogitechSwitcher.csproj", "{17DC08C5-4C85-4812-951D-B328FCA4748B}"
EndProject
Global
	GlobalSection(SolutionConfigurationPlatforms) = preSolution
		Debug|Any CPU = Debug|Any CPU
		Release|Any CPU = Release|Any CPU
	EndGlobalSection
	GlobalSection(ProjectConfigurationPlatforms) = postSolution
		{F11F73DA-AA94-456F-A1D2-DB9523B0F1F7}.Debug|Any CPU.ActiveCfg = Debug|Any CPU
		{F11F73DA-AA94-456F-A1D2-DB9523B0F1F7}.Debug|Any CPU.Build.0 = Debug|Any CPU
		{F11F73DA-AA94-456F-A1D2-DB9523B0F1F7}.Release|Any CPU.ActiveCfg = Release|Any CPU
		{F11F73DA-AA94-456F-A1D2-DB9523B0F1F7}.Release|Any CPU.Build.0 = Release|Any CPU
		{819C4F63-8D26-4BDF-B9CF-00F8EFF9391C}.Debug|Any CPU.ActiveCfg = Debug|Any CPU
		{819C4F63-8D26-4BDF-B9CF-00F8EFF9391C}.Debug|Any CPU.Build.0 = Debug|Any CPU
		{819C4F63-8D26-4BDF-B9CF-00F8EFF9391C}.Release|Any CPU.ActiveCfg = Release|Any CPU
		{819C4F63-8D26-4BDF-B9CF-00F8EFF9391C}.Release|Any CPU.Build.0 = Release|Any CPU
		{17DC08C5-4C85-4812-951D-B328FCA4748B}.Debug|Any CPU.ActiveCfg = Debug|Any CPU
		{17DC08C5-4C85-4812-951D-B328FCA4748B}.Debug|Any CPU.Build.0 = Debug|Any CPU
		{17DC08C5-4C85-4812-951D-B328FCA4748B}.Release|Any CPU.ActiveCfg = Release|Any CPU
		{17DC08C5-4C85-4812-951D-B328FCA4748B}.Release|Any CPU.Build.0 = Release|Any CPU
	EndGlobalSection
	GlobalSection(SolutionProperties) = preSolution
		HideSolutionNode = FALSE
	EndGlobalSection
	GlobalSection(NestedProjects) = preSolution
		{17DC08C5-4C85-4812-951D-B328FCA4748B} = {8DE4D099-609D-4A47-BBEF-15DBC219DF2C}
	EndGlobalSection
EndGlobal
